
Microsoft Visual Studio Solution File, Format Version 12.00
# Visual Studio Version 16
VisualStudioVersion = 16.0.31624.102
MinimumVisualStudioVersion = 10.0.40219.1
Project("{FAE04EC0-301F-11D3-BF4B-00C04F79EFBC}") = "QuanLiSanBong", "QuanLiSanBong.csproj", "{930C7196-C7CF-4218-AFBB-DFED028FA4D8}"
EndProject
Global
	GlobalSection(SolutionConfigurationPlatforms) = preSolution
		Debug|Any CPU = Debug|Any CPU
		Release|Any CPU = Release|Any CPU
	EndGlobalSection
	GlobalSection(ProjectConfigurationPlatforms) = postSolution
		{930C7196-C7CF-4218-AFBB-DFED028FA4D8}.Debug|Any CPU.ActiveCfg = Debug|Any CPU
		{930C7196-C7CF-4218-AFBB-DFED028FA4D8}.Debug|Any CPU.Build.0 = Debug|Any CPU
		{930C7196-C7CF-4218-AFBB-DFED028FA4D8}.Release|Any CPU.ActiveCfg = Release|Any CPU
		{930C7196-C7CF-4218-AFBB-DFED028FA4D8}.Release|Any CPU.Build.0 = Release|Any CPU
	EndGlobalSection
	GlobalSection(SolutionProperties) = preSolution
		HideSolutionNode = FALSE
	EndGlobalSection
	GlobalSection(ExtensibilityGlobals) = postSolution
		SolutionGuid = {941BB612-9402-4426-982D-8AC181A6605C}
	EndGlobalSection
EndGlobal
